
Microsoft Visual Studio Solution File, Format Version 12.00
# Visual Studio Version 17
VisualStudioVersion = 17.4.33122.133
MinimumVisualStudioVersion = 10.0.40219.1
Project("{9A19103F-16F7-4668-BE54-9A1E7A4F7556}") = "Surreal.Client", "Surreal.Client\Surreal.Client.csproj", "{5D22CEA5-ACA3-4023-AC40-A4017B9C19F7}"
EndProject
Project("{2150E333-8FDC-42A3-9474-1A3956D46DE8}") = "Tests", "Tests", "{ECE6FECB-7C2C-4B26-BB17-57E13325D8D7}"
EndProject
Project("{FAE04EC0-301F-11D3-BF4B-00C04F79EFBC}") = "RestSurrealClientTests", "TestProjects\RestSurrealClientTests\RestSurrealClientTests.csproj", "{716D6AE8-E401-48EF-882C-809097B7B3E8}"
EndProject
Global
	GlobalSection(SolutionConfigurationPlatforms) = preSolution
		Debug|Any CPU = Debug|Any CPU
		Release|Any CPU = Release|Any CPU
	EndGlobalSection
	GlobalSection(ProjectConfigurationPlatforms) = postSolution
		{5D22CEA5-ACA3-4023-AC40-A4017B9C19F7}.Debug|Any CPU.ActiveCfg = Debug|Any CPU
		{5D22CEA5-ACA3-4023-AC40-A4017B9C19F7}.Debug|Any CPU.Build.0 = Debug|Any CPU
		{5D22CEA5-ACA3-4023-AC40-A4017B9C19F7}.Release|Any CPU.ActiveCfg = Release|Any CPU
		{5D22CEA5-ACA3-4023-AC40-A4017B9C19F7}.Release|Any CPU.Build.0 = Release|Any CPU
		{716D6AE8-E401-48EF-882C-809097B7B3E8}.Debug|Any CPU.ActiveCfg = Debug|Any CPU
		{716D6AE8-E401-48EF-882C-809097B7B3E8}.Debug|Any CPU.Build.0 = Debug|Any CPU
		{716D6AE8-E401-48EF-882C-809097B7B3E8}.Release|Any CPU.ActiveCfg = Release|Any CPU
		{716D6AE8-E401-48EF-882C-809097B7B3E8}.Release|Any CPU.Build.0 = Release|Any CPU
	EndGlobalSection
	GlobalSection(SolutionProperties) = preSolution
		HideSolutionNode = FALSE
	EndGlobalSection
	GlobalSection(NestedProjects) = preSolution
		{716D6AE8-E401-48EF-882C-809097B7B3E8} = {ECE6FECB-7C2C-4B26-BB17-57E13325D8D7}
	EndGlobalSection
	GlobalSection(ExtensibilityGlobals) = postSolution
		SolutionGuid = {1A5A84E4-6364-40E8-98E7-E38EF19F50E0}
	EndGlobalSection
EndGlobal
